
Microsoft Visual Studio Solution File, Format Version 12.00
# Visual Studio Version 17
VisualStudioVersion = 17.0.31521.260
MinimumVisualStudioVersion = 10.0.40219.1
Project("{9A19103F-16F7-4668-BE54-9A1E7A4F7556}") = "SMEV3v12", "SMEV3\SMEV3v12.csproj", "{EA6355D6-7352-46F3-B6D3-F65E9FDFF89B}"
EndProject
Global
	GlobalSection(SolutionConfigurationPlatforms) = preSolution
		Debug|Any CPU = Debug|Any CPU
		Release|Any CPU = Release|Any CPU
	EndGlobalSection
	GlobalSection(ProjectConfigurationPlatforms) = postSolution
		{EA6355D6-7352-46F3-B6D3-F65E9FDFF89B}.Debug|Any CPU.ActiveCfg = Debug|Any CPU
		{EA6355D6-7352-46F3-B6D3-F65E9FDFF89B}.Debug|Any CPU.Build.0 = Debug|Any CPU
		{EA6355D6-7352-46F3-B6D3-F65E9FDFF89B}.Release|Any CPU.ActiveCfg = Release|Any CPU
		{EA6355D6-7352-46F3-B6D3-F65E9FDFF89B}.Release|Any CPU.Build.0 = Release|Any CPU
	EndGlobalSection
	GlobalSection(SolutionProperties) = preSolution
		HideSolutionNode = FALSE
	EndGlobalSection
	GlobalSection(ExtensibilityGlobals) = postSolution
		SolutionGuid = {39DF91DB-E8E7-4F2A-A65A-47FD465944B6}
	EndGlobalSection
EndGlobal
